
Microsoft Visual Studio Solution File, Format Version 12.00
# Visual Studio Version 16
VisualStudioVersion = 16.0.30225.117
MinimumVisualStudioVersion = 10.0.40219.1
Project("{FAE04EC0-301F-11D3-BF4B-00C04F79EFBC}") = "PopupUC", "PopupUC.csproj", "{AC13167E-5EEB-40E4-96FA-2AB18CFF6E3B}"
EndProject
Global
	GlobalSection(SolutionConfigurationPlatforms) = preSolution
		Debug|Any CPU = Debug|Any CPU
		Release|Any CPU = Release|Any CPU
	EndGlobalSection
	GlobalSection(ProjectConfigurationPlatforms) = postSolution
		{AC13167E-5EEB-40E4-96FA-2AB18CFF6E3B}.Debug|Any CPU.ActiveCfg = Debug|Any CPU
		{AC13167E-5EEB-40E4-96FA-2AB18CFF6E3B}.Debug|Any CPU.Build.0 = Debug|Any CPU
		{AC13167E-5EEB-40E4-96FA-2AB18CFF6E3B}.Release|Any CPU.ActiveCfg = Release|Any CPU
		{AC13167E-5EEB-40E4-96FA-2AB18CFF6E3B}.Release|Any CPU.Build.0 = Release|Any CPU
	EndGlobalSection
	GlobalSection(SolutionProperties) = preSolution
		HideSolutionNode = FALSE
	EndGlobalSection
	GlobalSection(ExtensibilityGlobals) = postSolution
		SolutionGuid = {3224747A-2D0E-4623-BC22-45D2AF6ACC56}
	EndGlobalSection
EndGlobal
